
Microsoft Visual Studio Solution File, Format Version 12.00
# Visual Studio Version 16
VisualStudioVersion = 16.0.30114.105
MinimumVisualStudioVersion = 10.0.40219.1
Project("{FAE04EC0-301F-11D3-BF4B-00C04F79EFBC}") = "RMSFoundation", "RMSFoundation\RMSFoundation.csproj", "{1104AA63-C01E-41A4-A62B-AF5BA0613E6C}"
EndProject
Project("{FAE04EC0-301F-11D3-BF4B-00C04F79EFBC}") = "RMSAPIService", "RMSAPIService\RMSAPIService.csproj", "{CAD5CF93-7EF1-47DF-9078-16881C77C48A}"
EndProject
Project("{FAE04EC0-301F-11D3-BF4B-00C04F79EFBC}") = "RMSFramework", "RMSFramework\RMSFramework.csproj", "{B02267AB-9C5F-4502-BF00-0D1A463696F9}"
EndProject
Global
	GlobalSection(SolutionConfigurationPlatforms) = preSolution
		Debug|Any CPU = Debug|Any CPU
		Debug|x64 = Debug|x64
		Debug|x86 = Debug|x86
		Release|Any CPU = Release|Any CPU
		Release|x64 = Release|x64
		Release|x86 = Release|x86
	EndGlobalSection
	GlobalSection(SolutionProperties) = preSolution
		HideSolutionNode = FALSE
	EndGlobalSection
	GlobalSection(ProjectConfigurationPlatforms) = postSolution
		{1104AA63-C01E-41A4-A62B-AF5BA0613E6C}.Debug|Any CPU.ActiveCfg = Debug|Any CPU
		{1104AA63-C01E-41A4-A62B-AF5BA0613E6C}.Debug|Any CPU.Build.0 = Debug|Any CPU
		{1104AA63-C01E-41A4-A62B-AF5BA0613E6C}.Debug|x64.ActiveCfg = Debug|Any CPU
		{1104AA63-C01E-41A4-A62B-AF5BA0613E6C}.Debug|x64.Build.0 = Debug|Any CPU
		{1104AA63-C01E-41A4-A62B-AF5BA0613E6C}.Debug|x86.ActiveCfg = Debug|Any CPU
		{1104AA63-C01E-41A4-A62B-AF5BA0613E6C}.Debug|x86.Build.0 = Debug|Any CPU
		{1104AA63-C01E-41A4-A62B-AF5BA0613E6C}.Release|Any CPU.ActiveCfg = Release|Any CPU
		{1104AA63-C01E-41A4-A62B-AF5BA0613E6C}.Release|Any CPU.Build.0 = Release|Any CPU
		{1104AA63-C01E-41A4-A62B-AF5BA0613E6C}.Release|x64.ActiveCfg = Release|Any CPU
		{1104AA63-C01E-41A4-A62B-AF5BA0613E6C}.Release|x64.Build.0 = Release|Any CPU
		{1104AA63-C01E-41A4-A62B-AF5BA0613E6C}.Release|x86.ActiveCfg = Release|Any CPU
		{1104AA63-C01E-41A4-A62B-AF5BA0613E6C}.Release|x86.Build.0 = Release|Any CPU
		{CAD5CF93-7EF1-47DF-9078-16881C77C48A}.Debug|Any CPU.ActiveCfg = Debug|Any CPU
		{CAD5CF93-7EF1-47DF-9078-16881C77C48A}.Debug|Any CPU.Build.0 = Debug|Any CPU
		{CAD5CF93-7EF1-47DF-9078-16881C77C48A}.Debug|x64.ActiveCfg = Debug|Any CPU
		{CAD5CF93-7EF1-47DF-9078-16881C77C48A}.Debug|x64.Build.0 = Debug|Any CPU
		{CAD5CF93-7EF1-47DF-9078-16881C77C48A}.Debug|x86.ActiveCfg = Debug|Any CPU
		{CAD5CF93-7EF1-47DF-9078-16881C77C48A}.Debug|x86.Build.0 = Debug|Any CPU
		{CAD5CF93-7EF1-47DF-9078-16881C77C48A}.Release|Any CPU.ActiveCfg = Release|Any CPU
		{CAD5CF93-7EF1-47DF-9078-16881C77C48A}.Release|Any CPU.Build.0 = Release|Any CPU
		{CAD5CF93-7EF1-47DF-9078-16881C77C48A}.Release|x64.ActiveCfg = Release|Any CPU
		{CAD5CF93-7EF1-47DF-9078-16881C77C48A}.Release|x64.Build.0 = Release|Any CPU
		{CAD5CF93-7EF1-47DF-9078-16881C77C48A}.Release|x86.ActiveCfg = Release|Any CPU
		{CAD5CF93-7EF1-47DF-9078-16881C77C48A}.Release|x86.Build.0 = Release|Any CPU
		{B02267AB-9C5F-4502-BF00-0D1A463696F9}.Debug|Any CPU.ActiveCfg = Debug|Any CPU
		{B02267AB-9C5F-4502-BF00-0D1A463696F9}.Debug|Any CPU.Build.0 = Debug|Any CPU
		{B02267AB-9C5F-4502-BF00-0D1A463696F9}.Debug|x64.ActiveCfg = Debug|Any CPU
		{B02267AB-9C5F-4502-BF00-0D1A463696F9}.Debug|x64.Build.0 = Debug|Any CPU
		{B02267AB-9C5F-4502-BF00-0D1A463696F9}.Debug|x86.ActiveCfg = Debug|Any CPU
		{B02267AB-9C5F-4502-BF00-0D1A463696F9}.Debug|x86.Build.0 = Debug|Any CPU
		{B02267AB-9C5F-4502-BF00-0D1A463696F9}.Release|Any CPU.ActiveCfg = Release|Any CPU
		{B02267AB-9C5F-4502-BF00-0D1A463696F9}.Release|Any CPU.Build.0 = Release|Any CPU
		{B02267AB-9C5F-4502-BF00-0D1A463696F9}.Release|x64.ActiveCfg = Release|Any CPU
		{B02267AB-9C5F-4502-BF00-0D1A463696F9}.Release|x64.Build.0 = Release|Any CPU
		{B02267AB-9C5F-4502-BF00-0D1A463696F9}.Release|x86.ActiveCfg = Release|Any CPU
		{B02267AB-9C5F-4502-BF00-0D1A463696F9}.Release|x86.Build.0 = Release|Any CPU
	EndGlobalSection
EndGlobal
